lockfileVersion: '9.0'

settings:
  autoInstallPeers: true
  excludeLinksFromLockfile: false

importers:

  .: {}

  packages/admin:
    devDependencies:
      '@tanstack/react-query':
        specifier: ^5.90.2
        version: 5.104.0(react@19.3.0)
      '@types/react':
        specifier: ^19.2.17
        version: 19.3.0
      react:
        specifier: ^19.2.6
        version: 19.3.0
      typescript:
        specifier: ^5.0.0
        version: 5.9.3

  packages/storefront:
    devDependencies:
      '@tanstack/react-query':
        specifier: ^5.90.2
        version: 5.104.0(react@19.3.0)
      '@types/react':
        specifier: ^19.2.17
        version: 19.3.0
      react:
        specifier: ^19.2.6
        version: 19.3.0
      typescript:
        specifier: ^5.0.0
        version: 5.9.3

packages:

  '@tanstack/query-core@5.104.0':
    resolution: {integrity: sha512-JrC2r/JQlXt7khBSdUpsgxNvybzOg+aITa+ARRMlP2AFo93Y8vIqz077rp+e61mJetSZ0T6AJbwW1JHer1vrPQ==}

  '@tanstack/react-query@5.104.0':
    resolution: {integrity: sha512-e1TZmDCQnWIfiDVryIHeA6Idj+Lfx1hORLOhXS/l5wcgvtVD4yYqbTDl378sGQKIi2cSgb0TEMC9cKK8GGoJEw==}
    peerDependencies:
      react: ^18 || ^19

  '@types/react@19.3.0':
    resolution: {integrity: sha512-N0rFCuH9YoxG9/m61l9MfpJKfmLOVU0em7ipIz6TRgSSkvReLB9vL85GB+yr8Bs5leqpvg96JSwF4ZS1s4viQg==}

  csstype@3.2.3:
    resolution: {integrity: sha512-z1HGKcYy2xA8AGQfwrn0PAy+PB7X/GSj3UVJW9qKyn43xWa+gl5nXmU4qqLMRzWVLFC8KusUX8T/0kCiOYpAIQ==}

  react@19.3.0:
    resolution: {integrity: sha512-E8LUcbtBWt20bbl2YoHfx4ZDBdxVTfOKtCZn9cDSJ4l6/nuoApcpIBcj47t2wZoVX8g2ZHuMHbiShgCR1T5Sog==}
    engines: {node: '>=0.10.0'}

  typescript@5.9.3:
    resolution: {integrity: sha512-jl1vZzPDinLr9eUt3J/t7V6FgNEw9QjvBPdysz9KfQDD41fQrC2Y4vKQdiaUpFT4bXlb1RHhLpp8wtm6M5TgSw==}
    engines: {node: '>=14.17'}
    hasBin: true

snapshots:

  '@tanstack/query-core@5.104.0': {}

  '@tanstack/react-query@5.104.0(react@19.3.0)':
    dependencies:
      '@tanstack/query-core': 5.104.0
      react: 19.3.0

  '@types/react@19.3.0':
    dependencies:
      csstype: 3.2.3

  csstype@3.2.3: {}

  react@19.3.0: {}

  typescript@5.9.3: {}
